
Microsoft Visual Studio Solution File, Format Version 12.00
# Visual Studio Version 16
VisualStudioVersion = 16.0.32602.291
MinimumVisualStudioVersion = 10.0.40219.1
Project("{FAE04EC0-301F-11D3-BF4B-00C04F79EFBC}") = "InventoryManagmentSystem", "InventoryManagmentSystem.csproj", "{84EB9B0E-4F09-494D-A0D8-C2F0DC08BD09}"
EndProject
Global
	GlobalSection(SolutionConfigurationPlatforms) = preSolution
		Debug|Any CPU = Debug|Any CPU
		Release|Any CPU = Release|Any CPU
	EndGlobalSection
	GlobalSection(ProjectConfigurationPlatforms) = postSolution
		{84EB9B0E-4F09-494D-A0D8-C2F0DC08BD09}.Debug|Any CPU.ActiveCfg = Debug|Any CPU
		{84EB9B0E-4F09-494D-A0D8-C2F0DC08BD09}.Debug|Any CPU.Build.0 = Debug|Any CPU
		{84EB9B0E-4F09-494D-A0D8-C2F0DC08BD09}.Release|Any CPU.ActiveCfg = Release|Any CPU
		{84EB9B0E-4F09-494D-A0D8-C2F0DC08BD09}.Release|Any CPU.Build.0 = Release|Any CPU
	EndGlobalSection
	GlobalSection(SolutionProperties) = preSolution
		HideSolutionNode = FALSE
	EndGlobalSection
	GlobalSection(ExtensibilityGlobals) = postSolution
		SolutionGuid = {3214AD2E-4A1A-4306-9241-5B5BA185B750}
	EndGlobalSection
EndGlobal
